{
  "requires": true,
  "lockfileVersion": 1,
  "dependencies": {
    "ngx-toastr": {
      "version": "16.0.1",
      "resolved": "https://registry.npmjs.org/ngx-toastr/-/ngx-toastr-16.0.1.tgz",
      "integrity": "sha512-GpGPQcNqB2m2i5yhH73CkGV6D6DlCJ0+aXZvUoR7OMxlJTlM+73FUePVYUnpWUHXR2IVMS+1ce8WwcTXJzGJxA==",
      "requires": {
        "tslib": "^2.3.0"
      }
    },
    "tslib": {
      "version": "2.4.1",
      "resolved": "https://registry.npmjs.org/tslib/-/tslib-2.4.1.tgz",
      "integrity": "sha512-tGyy4dAjRIEwI7BzsB0lynWgOpfqjUdq91XXAlIWD2OwKBH7oCl/GZG/HT4BOHrTlPMOASlMQ7veyTqpmRcrNA=="
    }
  }
}
